{
  "object": {
    "pins": [
      {
        "package": "JWRefreshControl",
        "repositoryURL": "https://github.com/Jerry0523/JWRefreshControl.git",
        "state": {
          "branch": null,
          "revision": "3e5ee85b9782e25e21eba7722eff225e9024c9b6",
          "version": "1.0.6"
        }
      }
    ]
  },
  "version": 1
}
